
Microsoft Visual Studio Solution File, Format Version 12.00
# Visual Studio 2013
VisualStudioVersion = 12.0.31101.0
MinimumVisualStudioVersion = 10.0.40219.1
Project("{FAE04EC0-301F-11D3-BF4B-00C04F79EFBC}") = "Task1", "Task1\Task1.csproj", "{3D13128A-D13C-4D89-A79B-8708A7507A5D}"
EndProject
Project("{FAE04EC0-301F-11D3-BF4B-00C04F79EFBC}") = "Task2", "Task2\Task2.csproj", "{9C492EDA-7897-4D96-B915-BA95026D980A}"
EndProject
Project("{FAE04EC0-301F-11D3-BF4B-00C04F79EFBC}") = "Task3", "Task3\Task3.csproj", "{2BCA42C4-EF63-465E-B302-458A8C16C30D}"
EndProject
Global
	GlobalSection(SolutionConfigurationPlatforms) = preSolution
		Debug|Any CPU = Debug|Any CPU
		Release|Any CPU = Release|Any CPU
	EndGlobalSection
	GlobalSection(ProjectConfigurationPlatforms) = postSolution
		{3D13128A-D13C-4D89-A79B-8708A7507A5D}.Debug|Any CPU.ActiveCfg = Debug|Any CPU
		{3D13128A-D13C-4D89-A79B-8708A7507A5D}.Debug|Any CPU.Build.0 = Debug|Any CPU
		{3D13128A-D13C-4D89-A79B-8708A7507A5D}.Release|Any CPU.ActiveCfg = Release|Any CPU
		{3D13128A-D13C-4D89-A79B-8708A7507A5D}.Release|Any CPU.Build.0 = Release|Any CPU
		{9C492EDA-7897-4D96-B915-BA95026D980A}.Debug|Any CPU.ActiveCfg = Debug|Any CPU
		{9C492EDA-7897-4D96-B915-BA95026D980A}.Debug|Any CPU.Build.0 = Debug|Any CPU
		{9C492EDA-7897-4D96-B915-BA95026D980A}.Release|Any CPU.ActiveCfg = Release|Any CPU
		{9C492EDA-7897-4D96-B915-BA95026D980A}.Release|Any CPU.Build.0 = Release|Any CPU
		{2BCA42C4-EF63-465E-B302-458A8C16C30D}.Debug|Any CPU.ActiveCfg = Debug|Any CPU
		{2BCA42C4-EF63-465E-B302-458A8C16C30D}.Debug|Any CPU.Build.0 = Debug|Any CPU
		{2BCA42C4-EF63-465E-B302-458A8C16C30D}.Release|Any CPU.ActiveCfg = Release|Any CPU
		{2BCA42C4-EF63-465E-B302-458A8C16C30D}.Release|Any CPU.Build.0 = Release|Any CPU
	EndGlobalSection
	GlobalSection(SolutionProperties) = preSolution
		HideSolutionNode = FALSE
	EndGlobalSection
EndGlobal
